# THIS IS AN AUTOGENERATED FILE. DO NOT EDIT THIS FILE DIRECTLY.
# yarn lockfile v1


"@babel/helper-validator-identifier@^7.14.9":
  version "7.15.7"
  resolved "https://registry.nlark.com/@babel/helper-validator-identifier/download/@babel/helper-validator-identifier-7.15.7.tgz?cache=0&sync_timestamp=1631920000984&other_urls=https%3A%2F%2Fregistry.nlark.com%2F%40babel%2Fhelper-validator-identifier%2Fdownload%2F%40babel%2Fhelper-validator-identifier-7.15.7.tgz"
  integrity sha1-Ig35k7/pBKSmsCq08zhaXr9uI4k=

"@babel/parser@^7.15.0", "@babel/parser@^7.6.0", "@babel/parser@^7.9.6":
  version "7.15.7"
  resolved "https://registry.nlark.com/@babel/parser/download/@babel/parser-7.15.7.tgz"
  integrity sha1-DD7UousHsWXfqFs8xFxyczTE7a4=

"@babel/types@^7.6.1", "@babel/types@^7.9.6":
  version "7.15.6"
  resolved "https://registry.nlark.com/@babel/types/download/@babel/types-7.15.6.tgz?cache=0&sync_timestamp=1631216362613&other_urls=https%3A%2F%2Fregistry.nlark.com%2F%40babel%2Ftypes%2Fdownload%2F%40babel%2Ftypes-7.15.6.tgz"
  integrity sha1-mavcSCGLKIHAWN0KerBbmcm+dY8=
  dependencies:
    "@babel/helper-validator-identifier" "^7.14.9"
    to-fast-properties "^2.0.0"

"@element-plus/icons@^0.0.11":
  version "0.0.11"
  resolved "https://registry.nlark.com/@element-plus/icons/download/@element-plus/icons-0.0.11.tgz#9b187c002774548b911850d17fa5fc2f9a515f57"
  integrity sha1-mxh8ACd0VIuRGFDRf6X8L5pRX1c=

"@emmetio/abbreviation@^2.2.2":
  version "2.2.2"
  resolved "https://registry.nlark.com/@emmetio/abbreviation/download/@emmetio/abbreviation-2.2.2.tgz"
  integrity sha1-dGdi/Z56jC6mBPWAxi48/iUOaYk=
  dependencies:
    "@emmetio/scanner" "^1.0.0"

"@emmetio/css-abbreviation@^2.1.4":
  version "2.1.4"
  resolved "https://registry.nlark.com/@emmetio/css-abbreviation/download/@emmetio/css-abbreviation-2.1.4.tgz"
  integrity sha1-kDYuihEizjt29sMVeQfTAYL1P1Q=
  dependencies:
    "@emmetio/scanner" "^1.0.0"

"@emmetio/scanner@^1.0.0":
  version "1.0.0"
  resolved "https://registry.nlark.com/@emmetio/scanner/download/@emmetio/scanner-1.0.0.tgz"
  integrity sha1-Blsq9iM/50dNRII+PeuJckr0K18=

"@popperjs/core@^2.10.1":
  version "2.10.1"
  resolved "https://registry.nlark.com/@popperjs/core/download/@popperjs/core-2.10.1.tgz?cache=0&sync_timestamp=1630646793367&other_urls=https%3A%2F%2Fregistry.nlark.com%2F%40popperjs%2Fcore%2Fdownload%2F%40popperjs%2Fcore-2.10.1.tgz#728ecd95ab207aab8a9a4e421f0422db329232be"
  integrity sha1-co7NlasgequKmk5CHwQi2zKSMr4=

"@types/node@^16.9.6":
  version "16.9.6"
  resolved "https://registry.nlark.com/@types/node/download/@types/node-16.9.6.tgz?cache=0&sync_timestamp=1632251161935&other_urls=https%3A%2F%2Fregistry.nlark.com%2F%40types%2Fnode%2Fdownload%2F%40types%2Fnode-16.9.6.tgz"
  integrity sha1-BApk1/r55dnpQDVxJfCWMBLmbwQ=

"@vitejs/plugin-vue@^1.9.0":
  version "1.9.0"
  resolved "https://registry.nlark.com/@vitejs/plugin-vue/download/@vitejs/plugin-vue-1.9.0.tgz"
  integrity sha1-rkWKLqrB0G76yNcaRCfV10JGbXI=

"@volar/code-gen@^0.27.24":
  version "0.27.24"
  resolved "https://registry.npmmirror.com/@volar/code-gen/download/@volar/code-gen-0.27.24.tgz?cache=0&sync_timestamp=1632378056575&other_urls=https%3A%2F%2Fregistry.npmmirror.com%2F%40volar%2Fcode-gen%2Fdownload%2F%40volar%2Fcode-gen-0.27.24.tgz"
  integrity sha1-zNvoWJUcHuTgw5eSMtUkEtxGdWo=
  dependencies:
    "@volar/shared" "^0.27.24"
    "@volar/source-map" "^0.27.24"

"@volar/html2pug@^0.27.13":
  version "0.27.13"
  resolved "https://registry.nlark.com/@volar/html2pug/download/@volar/html2pug-0.27.13.tgz"
  integrity sha1-SN+nPs8e8ZVaAqBG0MiIRZUPrIU=
  dependencies:
    domelementtype "^2.2.0"
    domhandler "^4.2.0"
    htmlparser2 "^6.1.0"
    pug "^3.0.2"

"@volar/shared@^0.27.24":
  version "0.27.24"
  resolved "https://registry.npmmirror.com/@volar/shared/download/@volar/shared-0.27.24.tgz?cache=0&sync_timestamp=1632378315989&other_urls=https%3A%2F%2Fregistry.npmmirror.com%2F%40volar%2Fshared%2Fdownload%2F%40volar%2Fshared-0.27.24.tgz"
  integrity sha1-ozRX7IrAsNNn7VTJ4hkTpfjC1sI=
  dependencies:
    upath "^2.0.1"
    vscode-jsonrpc "^8.0.0-next.2"
    vscode-uri "^3.0.2"

"@volar/source-map@^0.27.24":
  version "0.27.24"
  resolved "https://registry.npmmirror.com/@volar/source-map/download/@volar/source-map-0.27.24.tgz?cache=0&sync_timestamp=1632378057628&other_urls=https%3A%2F%2Fregistry.npmmirror.com%2F%40volar%2Fsource-map%2Fdownload%2F%40volar%2Fsource-map-0.27.24.tgz"
  integrity sha1-YPLgcMFpvoLL9/+ilqMMKCPFIF8=
  dependencies:
    "@volar/shared" "^0.27.24"

"@volar/transforms@^0.27.24":
  version "0.27.24"
  resolved "https://registry.npmmirror.com/@volar/transforms/download/@volar/transforms-0.27.24.tgz"
  integrity sha1-aOvFPcouNohOJHwIZuw9JO2BV4Q=
  dependencies:
    "@volar/shared" "^0.27.24"
    vscode-languageserver "^8.0.0-next.2"

"@vscode/emmet-helper@^2.7.0":
  version "2.7.0"
  resolved "https://registry.nlark.com/@vscode/emmet-helper/download/@vscode/emmet-helper-2.7.0.tgz"
  integrity sha1-PbSF9qZQGW/4u9OLobnkaOyNIvg=
  dependencies:
    emmet "^2.3.0"
    jsonc-parser "^2.3.0"
    vscode-languageserver-textdocument "^1.0.1"
    vscode-languageserver-types "^3.15.1"
    vscode-nls "^5.0.0"
    vscode-uri "^2.1.2"

"@vue/compiler-core@3.2.14":
  version "3.2.14"
  resolved "https://registry.npmmirror.com/@vue/compiler-core/download/@vue/compiler-core-3.2.14.tgz"
  integrity sha1-CTv1cu4qbH7es6FbEwG5EDde5Pw=
  dependencies:
    "@babel/parser" "^7.15.0"
    "@vue/shared" "3.2.14"
    estree-walker "^2.0.2"
    source-map "^0.6.1"

"@vue/compiler-dom@3.2.14", "@vue/compiler-dom@^3.2.14":
  version "3.2.14"
  resolved "https://registry.npmmirror.com/@vue/compiler-dom/download/@vue/compiler-dom-3.2.14.tgz"
  integrity sha1-rN2rrpRwTfVDRI4qwx/kdqcNgwc=
  dependencies:
    "@vue/compiler-core" "3.2.14"
    "@vue/shared" "3.2.14"

"@vue/compiler-sfc@3.2.14":
  version "3.2.14"
  resolved "https://registry.npmmirror.com/@vue/compiler-sfc/download/@vue/compiler-sfc-3.2.14.tgz"
  integrity sha1-9I7v6MM1AtWGHMG7/l/Svw5n0tI=
  dependencies:
    "@babel/parser" "^7.15.0"
    "@vue/compiler-core" "3.2.14"
    "@vue/compiler-dom" "3.2.14"
    "@vue/compiler-ssr" "3.2.14"
    "@vue/ref-transform" "3.2.14"
    "@vue/shared" "3.2.14"
    estree-walker "^2.0.2"
    magic-string "^0.25.7"
    postcss "^8.1.10"
    source-map "^0.6.1"

"@vue/compiler-ssr@3.2.14":
  version "3.2.14"
  resolved "https://registry.npmmirror.com/@vue/compiler-ssr/download/@vue/compiler-ssr-3.2.14.tgz"
  integrity sha1-dSBMEHldYd0/9FsPmbqXs9hMrhE=
  dependencies:
    "@vue/compiler-dom" "3.2.14"
    "@vue/shared" "3.2.14"

"@vue/devtools-api@^6.0.0-beta.14":
  version "6.0.0-beta.18"
  resolved "https://registry.npmmirror.com/@vue/devtools-api/download/@vue/devtools-api-6.0.0-beta.18.tgz?cache=0&sync_timestamp=1632352550561&other_urls=https%3A%2F%2Fregistry.npmmirror.com%2F%40vue%2Fdevtools-api%2Fdownload%2F%40vue%2Fdevtools-api-6.0.0-beta.18.tgz#84c0aff9289a57294cb97490811f69e8a0a67f8a"
  integrity sha1-hMCv+SiaVylMuXSQgR9p6KCmf4o=

"@vue/reactivity@3.2.14", "@vue/reactivity@^3.2.14":
  version "3.2.14"
  resolved "https://registry.npmmirror.com/@vue/reactivity/download/@vue/reactivity-3.2.14.tgz"
  integrity sha1-XLFSCe6TE8tQ7Zsg/dEI6iqQT3c=
  dependencies:
    "@vue/shared" "3.2.14"

"@vue/ref-transform@3.2.14":
  version "3.2.14"
  resolved "https://registry.npmmirror.com/@vue/ref-transform/download/@vue/ref-transform-3.2.14.tgz?cache=0&sync_timestamp=1632351672427&other_urls=https%3A%2F%2Fregistry.npmmirror.com%2F%40vue%2Fref-transform%2Fdownload%2F%40vue%2Fref-transform-3.2.14.tgz"
  integrity sha1-qnPLmasI1PyAjrpjO5wC2VTNoxo=
  dependencies:
    "@babel/parser" "^7.15.0"
    "@vue/compiler-core" "3.2.14"
    "@vue/shared" "3.2.14"
    estree-walker "^2.0.2"
    magic-string "^0.25.7"

"@vue/runtime-core@3.2.14":
  version "3.2.14"
  resolved "https://registry.npmmirror.com/@vue/runtime-core/download/@vue/runtime-core-3.2.14.tgz"
  integrity sha1-jbnWrWaCzVqrDMRlaoqcU+8uLHo=
  dependencies:
    "@vue/reactivity" "3.2.14"
    "@vue/shared" "3.2.14"

"@vue/runtime-dom@3.2.14":
  version "3.2.14"
  resolved "https://registry.npmmirror.com/@vue/runtime-dom/download/@vue/runtime-dom-3.2.14.tgz"
  integrity sha1-yg2WL8ud7DfIkEUzoyRv3FDsrmY=
  dependencies:
    "@vue/runtime-core" "3.2.14"
    "@vue/shared" "3.2.14"
    csstype "^2.6.8"

"@vue/server-renderer@3.2.14":
  version "3.2.14"
  resolved "https://registry.npmmirror.com/@vue/server-renderer/download/@vue/server-renderer-3.2.14.tgz"
  integrity sha1-cxz32WZuesbVbYxHanbdJgvw0rQ=
  dependencies:
    "@vue/compiler-ssr" "3.2.14"
    "@vue/shared" "3.2.14"

"@vue/shared@3.2.14", "@vue/shared@^3.2.14":
  version "3.2.14"
  resolved "https://registry.npmmirror.com/@vue/shared/download/@vue/shared-3.2.14.tgz?cache=0&sync_timestamp=1632351764143&other_urls=https%3A%2F%2Fregistry.npmmirror.com%2F%40vue%2Fshared%2Fdownload%2F%40vue%2Fshared-3.2.14.tgz"
  integrity sha1-m4ggmKAEuZUSS3V3s1cTWmbZIu8=

"@vueuse/core@~6.1.0":
  version "6.1.0"
  resolved "https://registry.nlark.com/@vueuse/core/download/@vueuse/core-6.1.0.tgz?cache=0&sync_timestamp=1631911935116&other_urls=https%3A%2F%2Fregistry.nlark.com%2F%40vueuse%2Fcore%2Fdownload%2F%40vueuse%2Fcore-6.1.0.tgz#8137c291cf49b11c2deda4d5079096e55b36fc28"
  integrity sha1-gTfCkc9JsRwt7aTVB5CW5Vs2/Cg=
  dependencies:
    "@vueuse/shared" "6.1.0"
    vue-demi "*"

"@vueuse/shared@6.1.0":
  version "6.1.0"
  resolved "https://registry.nlark.com/@vueuse/shared/download/@vueuse/shared-6.1.0.tgz?cache=0&sync_timestamp=1631911934670&other_urls=https%3A%2F%2Fregistry.nlark.com%2F%40vueuse%2Fshared%2Fdownload%2F%40vueuse%2Fshared-6.1.0.tgz#1375fd41acefe52f9a1842f3c6a8a348786535ba"
  integrity sha1-E3X9Qazv5S+aGELzxqijSHhlNbo=
  dependencies:
    vue-demi "*"

acorn@^7.1.1:
  version "7.4.1"
  resolved "https://registry.nlark.com/acorn/download/acorn-7.4.1.tgz?cache=0&sync_timestamp=1630916591807&other_urls=https%3A%2F%2Fregistry.nlark.com%2Facorn%2Fdownload%2Facorn-7.4.1.tgz"
  integrity sha1-/q7SVZc9LndVW4PbwIhRpsY1IPo=

asap@~2.0.3:
  version "2.0.6"
  resolved "https://registry.nlark.com/asap/download/asap-2.0.6.tgz"
  integrity sha1-5QNHYR1+aQlDIIu9r+vLwvuGbUY=

assert-never@^1.2.1:
  version "1.2.1"
  resolved "https://registry.npm.taobao.org/assert-never/download/assert-never-1.2.1.tgz"
  integrity sha1-EfDjY78UYgX7CBk7XHuQ9NHPRP4=

async-validator@^3.4.0:
  version "3.5.2"
  resolved "https://registry.nlark.com/async-validator/download/async-validator-3.5.2.tgz#68e866a96824e8b2694ff7a831c1a25c44d5e500"
  integrity sha1-aOhmqWgk6LJpT/eoMcGiXETV5QA=

babel-walk@3.0.0-canary-5:
  version "3.0.0-canary-5"
  resolved "https://registry.nlark.com/babel-walk/download/babel-walk-3.0.0-canary-5.tgz"
  integrity sha1-9m7Ncpg1eu5ElV8jWm71QhkQSxE=
  dependencies:
    "@babel/types" "^7.9.6"

call-bind@^1.0.2:
  version "1.0.2"
  resolved "https://registry.nlark.com/call-bind/download/call-bind-1.0.2.tgz"
  integrity sha1-sdTonmiBGcPJqQOtMKuy9qkZvjw=
  dependencies:
    function-bind "^1.1.1"
    get-intrinsic "^1.0.2"

character-parser@^2.2.0:
  version "2.2.0"
  resolved "https://registry.nlark.com/character-parser/download/character-parser-2.2.0.tgz"
  integrity sha1-x84o821LzZdE5f/CxfzeHHMmH8A=
  dependencies:
    is-regex "^1.0.3"

constantinople@^4.0.1:
  version "4.0.1"
  resolved "https://registry.nlark.com/constantinople/download/constantinople-4.0.1.tgz"
  integrity sha1-De8RP6Dk3I3oMzGlz3nIsyUhMVE=
  dependencies:
    "@babel/parser" "^7.6.0"
    "@babel/types" "^7.6.1"

copy-anything@^2.0.1:
  version "2.0.3"
  resolved "https://registry.npm.taobao.org/copy-anything/download/copy-anything-2.0.3.tgz?cache=0&other_urls=https%3A%2F%2Fregistry.npm.taobao.org%2Fcopy-anything%2Fdownload%2Fcopy-anything-2.0.3.tgz#842407ba02466b0df844819bbe3baebbe5d45d87"
  integrity sha1-hCQHugJGaw34RIGbvjuuu+XUXYc=
  dependencies:
    is-what "^3.12.0"

csstype@^2.6.8:
  version "2.6.18"
  resolved "https://registry.nlark.com/csstype/download/csstype-2.6.18.tgz?cache=0&other_urls=https%3A%2F%2Fregistry.nlark.com%2Fcsstype%2Fdownload%2Fcsstype-2.6.18.tgz"
  integrity sha1-mAqLUwhfNK8xNBCvBk8r0kF4Qhg=

dayjs@1.x:
  version "1.10.7"
  resolved "https://registry.nlark.com/dayjs/download/dayjs-1.10.7.tgz#2cf5f91add28116748440866a0a1d26f3a6ce468"
  integrity sha1-LPX5Gt0oEWdIRAhmoKHSbzps5Gg=

debug@^3.2.6:
  version "3.2.7"
  resolved "https://registry.nlark.com/debug/download/debug-3.2.7.tgz?cache=0&other_urls=https%3A%2F%2Fregistry.nlark.com%2Fdebug%2Fdownload%2Fdebug-3.2.7.tgz#72580b7e9145fb39b6676f9c5e5fb100b934179a"
  integrity sha1-clgLfpFF+zm2Z2+cXl+xALk0F5o=
  dependencies:
    ms "^2.1.1"

doctypes@^1.1.0:
  version "1.1.0"
  resolved "https://registry.npm.taobao.org/doctypes/download/doctypes-1.1.0.tgz"
  integrity sha1-6oCxBqh1OHdOijpKWv4pPeSJ4Kk=

dom-serializer@^1.0.1:
  version "1.3.2"
  resolved "https://registry.nlark.com/dom-serializer/download/dom-serializer-1.3.2.tgz"
  integrity sha1-YgZDfTLO767HFhgDIwx6ILwbTZE=
  dependencies:
    domelementtype "^2.0.1"
    domhandler "^4.2.0"
    entities "^2.0.0"

domelementtype@^2.0.1, domelementtype@^2.2.0:
  version "2.2.0"
  resolved "https://registry.nlark.com/domelementtype/download/domelementtype-2.2.0.tgz"
  integrity sha1-mgtsJ4LtahxzI9QiZxg9+b2LHVc=

domhandler@^4.0.0, domhandler@^4.2.0:
  version "4.2.2"
  resolved "https://registry.nlark.com/domhandler/download/domhandler-4.2.2.tgz?cache=0&sync_timestamp=1630246778110&other_urls=https%3A%2F%2Fregistry.nlark.com%2Fdomhandler%2Fdownload%2Fdomhandler-4.2.2.tgz"
  integrity sha1-6CXXIdGahrjCAaNSZOImxnjudV8=
  dependencies:
    domelementtype "^2.2.0"

domutils@^2.5.2:
  version "2.8.0"
  resolved "https://registry.nlark.com/domutils/download/domutils-2.8.0.tgz"
  integrity sha1-RDfe9dtuLR9dbuhZvZXKfQIEgTU=
  dependencies:
    dom-serializer "^1.0.1"
    domelementtype "^2.2.0"
    domhandler "^4.2.0"

element-plus@^1.1.0-beta.15:
  version "1.1.0-beta.15"
  resolved "https://registry.npmmirror.com/element-plus/download/element-plus-1.1.0-beta.15.tgz?cache=0&sync_timestamp=1632359508849&other_urls=https%3A%2F%2Fregistry.npmmirror.com%2Felement-plus%2Fdownload%2Felement-plus-1.1.0-beta.15.tgz#842568ac39e4765ec2118dc2fbd472d94d37b7f3"
  integrity sha1-hCVorDnkdl7CEY3C+9Ry2U03t/M=
  dependencies:
    "@popperjs/core" "^2.10.1"
    "@vueuse/core" "~6.1.0"
    async-validator "^3.4.0"
    dayjs "1.x"
    lodash "^4.17.21"
    memoize-one "^5.2.1"
    normalize-wheel "^1.0.1"
    resize-observer-polyfill "^1.5.1"

emmet@^2.3.0:
  version "2.3.4"
  resolved "https://registry.npm.taobao.org/emmet/download/emmet-2.3.4.tgz"
  integrity sha1-W6DXpVaaaMdpffqJDHcuTzF50SM=
  dependencies:
    "@emmetio/abbreviation" "^2.2.2"
    "@emmetio/css-abbreviation" "^2.1.4"

entities@^2.0.0:
  version "2.2.0"
  resolved "https://registry.nlark.com/entities/download/entities-2.2.0.tgz"
  integrity sha1-CY3JDruD2N/6CJ1VJWs1HTTE2lU=

errno@^0.1.1:
  version "0.1.8"
  resolved "https://registry.nlark.com/errno/download/errno-0.1.8.tgz#8bb3e9c7d463be4976ff888f76b4809ebc2e811f"
  integrity sha1-i7Ppx9Rjvkl2/4iPdrSAnrwugR8=
  dependencies:
    prr "~1.0.1"

esbuild@^0.12.17:
  version "0.12.29"
  resolved "https://registry.npmmirror.com/esbuild/download/esbuild-0.12.29.tgz"
  integrity sha1-vmAtt8TceJRKnb3g0eoZ02wfiC0=

estree-walker@^2.0.2:
  version "2.0.2"
  resolved "https://registry.npm.taobao.org/estree-walker/download/estree-walker-2.0.2.tgz"
  integrity sha1-UvAQF4wqTBF6d1fP6UKtt9LaTKw=

fsevents@~2.3.2:
  version "2.3.2"
  resolved "https://registry.nlark.com/fsevents/download/fsevents-2.3.2.tgz"
  integrity sha1-ilJveLj99GI7cJ4Ll1xSwkwC/Ro=

function-bind@^1.1.1:
  version "1.1.1"
  resolved "https://registry.nlark.com/function-bind/download/function-bind-1.1.1.tgz"
  integrity sha1-pWiZ0+o8m6uHS7l3O3xe3pL0iV0=

get-intrinsic@^1.0.2:
  version "1.1.1"
  resolved "https://registry.nlark.com/get-intrinsic/download/get-intrinsic-1.1.1.tgz"
  integrity sha1-FfWfN2+FXERpY5SPDSTNNje0q8Y=
  dependencies:
    function-bind "^1.1.1"
    has "^1.0.3"
    has-symbols "^1.0.1"

graceful-fs@^4.1.2:
  version "4.2.8"
  resolved "https://registry.nlark.com/graceful-fs/download/graceful-fs-4.2.8.tgz#e412b8d33f5e006593cbd3cee6df9f2cebbe802a"
  integrity sha1-5BK40z9eAGWTy9PO5t+fLOu+gCo=

has-symbols@^1.0.1, has-symbols@^1.0.2:
  version "1.0.2"
  resolved "https://registry.nlark.com/has-symbols/download/has-symbols-1.0.2.tgz"
  integrity sha1-Fl0wcMADCXUqEjakeTMeOsVvFCM=

has-tostringtag@^1.0.0:
  version "1.0.0"
  resolved "https://registry.nlark.com/has-tostringtag/download/has-tostringtag-1.0.0.tgz?cache=0&sync_timestamp=1628197490246&other_urls=https%3A%2F%2Fregistry.nlark.com%2Fhas-tostringtag%2Fdownload%2Fhas-tostringtag-1.0.0.tgz"
  integrity sha1-fhM4GKfTlHNPlB5zw9P5KR5liyU=
  dependencies:
    has-symbols "^1.0.2"

has@^1.0.3:
  version "1.0.3"
  resolved "https://registry.nlark.com/has/download/has-1.0.3.tgz"
  integrity sha1-ci18v8H2qoJB8W3YFOAR4fQeh5Y=
  dependencies:
    function-bind "^1.1.1"

htmlparser2@^6.1.0:
  version "6.1.0"
  resolved "https://registry.nlark.com/htmlparser2/download/htmlparser2-6.1.0.tgz"
  integrity sha1-xNditsM3GgXb5l6UrkOp+EX7j7c=
  dependencies:
    domelementtype "^2.0.1"
    domhandler "^4.0.0"
    domutils "^2.5.2"
    entities "^2.0.0"

iconv-lite@^0.4.4:
  version "0.4.24"
  resolved "https://registry.nlark.com/iconv-lite/download/iconv-lite-0.4.24.tgz#2022b4b25fbddc21d2f524974a474aafe733908b"
  integrity sha1-ICK0sl+93CHS9SSXSkdKr+czkIs=
  dependencies:
    safer-buffer ">= 2.1.2 < 3"

image-size@~0.5.0:
  version "0.5.5"
  resolved "https://registry.nlark.com/image-size/download/image-size-0.5.5.tgz#09dfd4ab9d20e29eb1c3e80b8990378df9e3cb9c"
  integrity sha1-Cd/Uq50g4p6xw+gLiZA3jfnjy5w=

is-core-module@^2.2.0:
  version "2.6.0"
  resolved "https://registry.nlark.com/is-core-module/download/is-core-module-2.6.0.tgz?cache=0&sync_timestamp=1629224758563&other_urls=https%3A%2F%2Fregistry.nlark.com%2Fis-core-module%2Fdownload%2Fis-core-module-2.6.0.tgz"
  integrity sha1-11U7JSb+Wbkro+QMjfdX7Ipwnhk=
  dependencies:
    has "^1.0.3"

is-expression@^4.0.0:
  version "4.0.0"
  resolved "https://registry.npm.taobao.org/is-expression/download/is-expression-4.0.0.tgz"
  integrity sha1-wzFVliq/IdCv0lUlFNZ9LsFv0qs=
  dependencies:
    acorn "^7.1.1"
    object-assign "^4.1.1"

is-promise@^2.0.0:
  version "2.2.2"
  resolved "https://registry.npm.taobao.org/is-promise/download/is-promise-2.2.2.tgz"
  integrity sha1-OauVnMv5p3TPB597QMeib3YxNfE=

is-regex@^1.0.3:
  version "1.1.4"
  resolved "https://registry.nlark.com/is-regex/download/is-regex-1.1.4.tgz"
  integrity sha1-7vVmPNWfpMCuM5UFMj32hUuxWVg=
  dependencies:
    call-bind "^1.0.2"
    has-tostringtag "^1.0.0"

is-what@^3.12.0:
  version "3.14.1"
  resolved "https://registry.npm.taobao.org/is-what/download/is-what-3.14.1.tgz?cache=0&sync_timestamp=1615169735707&other_urls=https%3A%2F%2Fregistry.npm.taobao.org%2Fis-what%2Fdownload%2Fis-what-3.14.1.tgz#e1222f46ddda85dead0fd1c9df131760e77755c1"
  integrity sha1-4SIvRt3ahd6tD9HJ3xMXYOd3VcE=

js-stringify@^1.0.2:
  version "1.0.2"
  resolved "https://registry.npm.taobao.org/js-stringify/download/js-stringify-1.0.2.tgz"
  integrity sha1-Fzb939lyTyijaCrcYjCufk6Weds=

jsonc-parser@^2.3.0:
  version "2.3.1"
  resolved "https://registry.nlark.com/jsonc-parser/download/jsonc-parser-2.3.1.tgz"
  integrity sha1-WVSRULEz8u+sykj+nOHsBlmvI0I=

jsonc-parser@^3.0.0:
  version "3.0.0"
  resolved "https://registry.nlark.com/jsonc-parser/download/jsonc-parser-3.0.0.tgz"
  integrity sha1-q914VwHH5+rKip7IzwcMpRp0WiI=

jstransformer@1.0.0:
  version "1.0.0"
  resolved "https://registry.npm.taobao.org/jstransformer/download/jstransformer-1.0.0.tgz"
  integrity sha1-7Yvwkh4vPx7U1cGkT2hwntJHIsM=
  dependencies:
    is-promise "^2.0.0"
    promise "^7.0.1"

less@^4.1.1:
  version "4.1.1"
  resolved "https://registry.nlark.com/less/download/less-4.1.1.tgz#15bf253a9939791dc690888c3ff424f3e6c7edba"
  integrity sha1-Fb8lOpk5eR3GkIiMP/Qk8+bH7bo=
  dependencies:
    copy-anything "^2.0.1"
    parse-node-version "^1.0.1"
    tslib "^1.10.0"
  optionalDependencies:
    errno "^0.1.1"
    graceful-fs "^4.1.2"
    image-size "~0.5.0"
    make-dir "^2.1.0"
    mime "^1.4.1"
    needle "^2.5.2"
    source-map "~0.6.0"

lodash@^4.17.21:
  version "4.17.21"
  resolved "https://registry.npm.taobao.org/lodash/download/lodash-4.17.21.tgz#679591c564c3bffaae8454cf0b3df370c3d6911c"
  integrity sha1-Z5WRxWTDv/quhFTPCz3zcMPWkRw=

lru-cache@^6.0.0:
  version "6.0.0"
  resolved "https://registry.nlark.com/lru-cache/download/lru-cache-6.0.0.tgz"
  integrity sha1-bW/mVw69lqr5D8rR2vo7JWbbOpQ=
  dependencies:
    yallist "^4.0.0"

magic-string@^0.25.7:
  version "0.25.7"
  resolved "https://registry.npm.taobao.org/magic-string/download/magic-string-0.25.7.tgz"
  integrity sha1-P0l9b9NMZpxnmNy4IfLvMfVEUFE=
  dependencies:
    sourcemap-codec "^1.4.4"

make-dir@^2.1.0:
  version "2.1.0"
  resolved "https://registry.nlark.com/make-dir/download/make-dir-2.1.0.tgz#5f0310e18b8be898cc07009295a30ae41e91e6f5"
  integrity sha1-XwMQ4YuL6JjMBwCSlaMK5B6R5vU=
  dependencies:
    pify "^4.0.1"
    semver "^5.6.0"

memoize-one@^5.2.1:
  version "5.2.1"
  resolved "https://registry.nlark.com/memoize-one/download/memoize-one-5.2.1.tgz#8337aa3c4335581839ec01c3d594090cebe8f00e"
  integrity sha1-gzeqPEM1WBg57AHD1ZQJDOvo8A4=

mime@^1.4.1:
  version "1.6.0"
  resolved "https://registry.nlark.com/mime/download/mime-1.6.0.tgz#32cd9e5c64553bd58d19a568af452acff04981b1"
  integrity sha1-Ms2eXGRVO9WNGaVor0Uqz/BJgbE=

ms@^2.1.1:
  version "2.1.3"
  resolved "https://registry.nlark.com/ms/download/ms-2.1.3.tgz#574c8138ce1d2b5861f0b44579dbadd60c6615b2"
  integrity sha1-V0yBOM4dK1hh8LRFedut1gxmFbI=

nanocolors@^0.1.5:
  version "0.1.12"
  resolved "https://registry.npmmirror.com/nanocolors/download/nanocolors-0.1.12.tgz"
  integrity sha1-hXdILFjL17W7FoHbTPSPEah/1fY=

nanoid@^3.1.25:
  version "3.1.25"
  resolved "https://registry.nlark.com/nanoid/download/nanoid-3.1.25.tgz"
  integrity sha1-CcoydHwOVD8OGBS303k0d/nI4VI=

needle@^2.5.2:
  version "2.9.1"
  resolved "https://registry.nlark.com/needle/download/needle-2.9.1.tgz?cache=0&sync_timestamp=1630678823714&other_urls=https%3A%2F%2Fregistry.nlark.com%2Fneedle%2Fdownload%2Fneedle-2.9.1.tgz#22d1dffbe3490c2b83e301f7709b6736cd8f2684"
  integrity sha1-ItHf++NJDCuD4wH3cJtnNs2PJoQ=
  dependencies:
    debug "^3.2.6"
    iconv-lite "^0.4.4"
    sax "^1.2.4"

normalize-wheel@^1.0.1:
  version "1.0.1"
  resolved "https://registry.nlark.com/normalize-wheel/download/normalize-wheel-1.0.1.tgz#aec886affdb045070d856447df62ecf86146ec45"
  integrity sha1-rsiGr/2wRQcNhWRH32Ls+GFG7EU=

object-assign@^4.1.1:
  version "4.1.1"
  resolved "https://registry.nlark.com/object-assign/download/object-assign-4.1.1.tgz"
  integrity sha1-IQmtx5ZYh8/AXLvUQsrIv7s2CGM=

parse-node-version@^1.0.1:
  version "1.0.1"
  resolved "https://registry.nlark.com/parse-node-version/download/parse-node-version-1.0.1.tgz#e2b5dbede00e7fa9bc363607f53327e8b073189b"
  integrity sha1-4rXb7eAOf6m8NjYH9TMn6LBzGJs=

path-parse@^1.0.6:
  version "1.0.7"
  resolved "https://registry.nlark.com/path-parse/download/path-parse-1.0.7.tgz?cache=0&sync_timestamp=1621947783503&other_urls=https%3A%2F%2Fregistry.nlark.com%2Fpath-parse%2Fdownload%2Fpath-parse-1.0.7.tgz"
  integrity sha1-+8EUtgykKzDZ2vWFjkvWi77bZzU=

pify@^4.0.1:
  version "4.0.1"
  resolved "https://registry.npm.taobao.org/pify/download/pify-4.0.1.tgz#4b2cd25c50d598735c50292224fd8c6df41e3231"
  integrity sha1-SyzSXFDVmHNcUCkiJP2MbfQeMjE=

postcss@^8.1.10, postcss@^8.3.6:
  version "8.3.7"
  resolved "https://registry.nlark.com/postcss/download/postcss-8.3.7.tgz?cache=0&sync_timestamp=1632290164129&other_urls=https%3A%2F%2Fregistry.nlark.com%2Fpostcss%2Fdownload%2Fpostcss-8.3.7.tgz"
  integrity sha1-7IhWNYjI2o5Y5yJvdjO1GuIh7to=
  dependencies:
    nanocolors "^0.1.5"
    nanoid "^3.1.25"
    source-map-js "^0.6.2"

promise@^7.0.1:
  version "7.3.1"
  resolved "https://registry.nlark.com/promise/download/promise-7.3.1.tgz"
  integrity sha1-BktyYCsY+Q8pGSuLG8QY/9Hr078=
  dependencies:
    asap "~2.0.3"

prr@~1.0.1:
  version "1.0.1"
  resolved "https://registry.nlark.com/prr/download/prr-1.0.1.tgz#d3fc114ba06995a45ec6893f484ceb1d78f5f476"
  integrity sha1-0/wRS6BplaRexok/SEzrHXj19HY=

pug-attrs@^3.0.0:
  version "3.0.0"
  resolved "https://registry.npm.taobao.org/pug-attrs/download/pug-attrs-3.0.0.tgz"
  integrity sha1-sQRR4DSBZeMfrRzCPr3dncc0fEE=
  dependencies:
    constantinople "^4.0.1"
    js-stringify "^1.0.2"
    pug-runtime "^3.0.0"

pug-code-gen@^3.0.2:
  version "3.0.2"
  resolved "https://registry.npm.taobao.org/pug-code-gen/download/pug-code-gen-3.0.2.tgz"
  integrity sha1-rRkPSUMTO/GGtguA3kgxAOEy4s4=
  dependencies:
    constantinople "^4.0.1"
    doctypes "^1.1.0"
    js-stringify "^1.0.2"
    pug-attrs "^3.0.0"
    pug-error "^2.0.0"
    pug-runtime "^3.0.0"
    void-elements "^3.1.0"
    with "^7.0.0"

pug-error@^2.0.0:
  version "2.0.0"
  resolved "https://registry.npm.taobao.org/pug-error/download/pug-error-2.0.0.tgz"
  integrity sha1-XGIXPLCcNN4qLOBPF7it/sdNjKU=

pug-filters@^4.0.0:
  version "4.0.0"
  resolved "https://registry.nlark.com/pug-filters/download/pug-filters-4.0.0.tgz"
  integrity sha1-0+Sa9bqEcum3pm2YDnB86dLMm14=
  dependencies:
    constantinople "^4.0.1"
    jstransformer "1.0.0"
    pug-error "^2.0.0"
    pug-walk "^2.0.0"
    resolve "^1.15.1"

pug-lexer@^5.0.1:
  version "5.0.1"
  resolved "https://registry.npm.taobao.org/pug-lexer/download/pug-lexer-5.0.1.tgz"
  integrity sha1-rkRijFvvmxkLZlaDsojKkCS4sNU=
  dependencies:
    character-parser "^2.2.0"
    is-expression "^4.0.0"
    pug-error "^2.0.0"

pug-linker@^4.0.0:
  version "4.0.0"
  resolved "https://registry.nlark.com/pug-linker/download/pug-linker-4.0.0.tgz"
  integrity sha1-EsvAWU/Fo+Brn8Web5PBRpYqdwg=
  dependencies:
    pug-error "^2.0.0"
    pug-walk "^2.0.0"

pug-load@^3.0.0:
  version "3.0.0"
  resolved "https://registry.npm.taobao.org/pug-load/download/pug-load-3.0.0.tgz"
  integrity sha1-n9nNpSICsIrbEdJWgfufNL1BtmI=
  dependencies:
    object-assign "^4.1.1"
    pug-walk "^2.0.0"

pug-parser@^6.0.0:
  version "6.0.0"
  resolved "https://registry.npm.taobao.org/pug-parser/download/pug-parser-6.0.0.tgz"
  integrity sha1-qP3ANYY6lbLB3F6/Ts+AtOdqEmA=
  dependencies:
    pug-error "^2.0.0"
    token-stream "1.0.0"

pug-runtime@^3.0.0, pug-runtime@^3.0.1:
  version "3.0.1"
  resolved "https://registry.nlark.com/pug-runtime/download/pug-runtime-3.0.1.tgz"
  integrity sha1-9jaXYgRyPzWoxfb61qzaKhkbg9c=

pug-strip-comments@^2.0.0:
  version "2.0.0"
  resolved "https://registry.nlark.com/pug-strip-comments/download/pug-strip-comments-2.0.0.tgz"
  integrity sha1-+UsH/WtJVSMzD0kKf1VLT/h2MD4=
  dependencies:
    pug-error "^2.0.0"

pug-walk@^2.0.0:
  version "2.0.0"
  resolved "https://registry.npm.taobao.org/pug-walk/download/pug-walk-2.0.0.tgz"
  integrity sha1-QXqrwpIyu0SZtbUGmistKiTV9f4=

pug@^3.0.2:
  version "3.0.2"
  resolved "https://registry.npm.taobao.org/pug/download/pug-3.0.2.tgz"
  integrity sha1-81xxBzQ0VOQ7wnrg/3bHMbeOpTU=
  dependencies:
    pug-code-gen "^3.0.2"
    pug-filters "^4.0.0"
    pug-lexer "^5.0.1"
    pug-linker "^4.0.0"
    pug-load "^3.0.0"
    pug-parser "^6.0.0"
    pug-runtime "^3.0.1"
    pug-strip-comments "^2.0.0"

request-light@^0.5.4:
  version "0.5.4"
  resolved "https://registry.nlark.com/request-light/download/request-light-0.5.4.tgz"
  integrity sha1-SXqYxtiuSVNkF6Xi1/ODuTTz44w=

resize-observer-polyfill@^1.5.1:
  version "1.5.1"
  resolved "https://registry.nlark.com/resize-observer-polyfill/download/resize-observer-polyfill-1.5.1.tgz?cache=0&sync_timestamp=1618847256390&other_urls=https%3A%2F%2Fregistry.nlark.com%2Fresize-observer-polyfill%2Fdownload%2Fresize-observer-polyfill-1.5.1.tgz#0e9020dd3d21024458d4ebd27e23e40269810464"
  integrity sha1-DpAg3T0hAkRY1OvSfiPkAmmBBGQ=

resolve@^1.15.1, resolve@^1.20.0:
  version "1.20.0"
  resolved "https://registry.npm.taobao.org/resolve/download/resolve-1.20.0.tgz"
  integrity sha1-YpoBP7P3B1XW8LeTXMHCxTeLGXU=
  dependencies:
    is-core-module "^2.2.0"
    path-parse "^1.0.6"

rollup@^2.38.5:
  version "2.57.0"
  resolved "https://registry.nlark.com/rollup/download/rollup-2.57.0.tgz"
  integrity sha1-wWlEdesi4QIkd8D0Y1/QrIBxMXM=
  optionalDependencies:
    fsevents "~2.3.2"

"safer-buffer@>= 2.1.2 < 3":
  version "2.1.2"
  resolved "https://registry.npm.taobao.org/safer-buffer/download/safer-buffer-2.1.2.tgz#44fa161b0187b9549dd84bb91802f9bd8385cd6a"
  integrity sha1-RPoWGwGHuVSd2Eu5GAL5vYOFzWo=

sax@^1.2.4:
  version "1.2.4"
  resolved "https://registry.npm.taobao.org/sax/download/sax-1.2.4.tgz#2816234e2378bddc4e5354fab5caa895df7100d9"
  integrity sha1-KBYjTiN4vdxOU1T6tcqold9xANk=

semver@^5.6.0:
  version "5.7.1"
  resolved "https://registry.nlark.com/semver/download/semver-5.7.1.tgz#a954f931aeba508d307bbf069eff0c01c96116f7"
  integrity sha1-qVT5Ma66UI0we78Gnv8MAclhFvc=

semver@^7.3.5:
  version "7.3.5"
  resolved "https://registry.nlark.com/semver/download/semver-7.3.5.tgz?cache=0&sync_timestamp=1622685835879&other_urls=https%3A%2F%2Fregistry.nlark.com%2Fsemver%2Fdownload%2Fsemver-7.3.5.tgz"
  integrity sha1-C2Ich5NI2JmOSw5L6Us/EuYBjvc=
  dependencies:
    lru-cache "^6.0.0"

source-map-js@^0.6.2:
  version "0.6.2"
  resolved "https://registry.npm.taobao.org/source-map-js/download/source-map-js-0.6.2.tgz"
  integrity sha1-C7XeYxtBz72mz7qL0FqA79/SOF4=

source-map@^0.6.1, source-map@~0.6.0:
  version "0.6.1"
  resolved "https://registry.nlark.com/source-map/download/source-map-0.6.1.tgz"
  integrity sha1-dHIq8y6WFOnCh6jQu95IteLxomM=

sourcemap-codec@^1.4.4:
  version "1.4.8"
  resolved "https://registry.nlark.com/sourcemap-codec/download/sourcemap-codec-1.4.8.tgz"
  integrity sha1-6oBL2UhXQC5pktBaOO8a41qatMQ=

to-fast-properties@^2.0.0:
  version "2.0.0"
  resolved "https://registry.nlark.com/to-fast-properties/download/to-fast-properties-2.0.0.tgz"
  integrity sha1-3F5pjL0HkmW8c+A3doGk5Og/YW4=

token-stream@1.0.0:
  version "1.0.0"
  resolved "https://registry.nlark.com/token-stream/download/token-stream-1.0.0.tgz"
  integrity sha1-zCAOqyYT9BZtJ/+a/HylbUnfbrQ=

tslib@^1.10.0:
  version "1.14.1"
  resolved "https://registry.nlark.com/tslib/download/tslib-1.14.1.tgz#cf2d38bdc34a134bcaf1091c41f6619e2f672d00"
  integrity sha1-zy04vcNKE0vK8QkcQfZhni9nLQA=

typescript@^4.4.3:
  version "4.4.3"
  resolved "https://registry.npmmirror.com/typescript/download/typescript-4.4.3.tgz?cache=0&sync_timestamp=1632381674012&other_urls=https%3A%2F%2Fregistry.npmmirror.com%2Ftypescript%2Fdownload%2Ftypescript-4.4.3.tgz"
  integrity sha1-vcVAfKorEJ79T4L+EwZW+XeikyQ=

upath@^2.0.1:
  version "2.0.1"
  resolved "https://registry.nlark.com/upath/download/upath-2.0.1.tgz"
  integrity sha1-UMc96mjW9rmQ9R0nnOYIFmXWGos=

vite@^2.5.10:
  version "2.5.10"
  resolved "https://registry.npmmirror.com/vite/download/vite-2.5.10.tgz?cache=0&sync_timestamp=1632399963527&other_urls=https%3A%2F%2Fregistry.npmmirror.com%2Fvite%2Fdownload%2Fvite-2.5.10.tgz"
  integrity sha1-xZjjtafhlW/8Uus7NCDRd/wu0qU=
  dependencies:
    esbuild "^0.12.17"
    postcss "^8.3.6"
    resolve "^1.20.0"
    rollup "^2.38.5"
  optionalDependencies:
    fsevents "~2.3.2"

void-elements@^3.1.0:
  version "3.1.0"
  resolved "https://registry.npm.taobao.org/void-elements/download/void-elements-3.1.0.tgz"
  integrity sha1-YU9/v42AHwu18GYfWy9XhXUOTwk=

vscode-css-languageservice@^5.1.4:
  version "5.1.5"
  resolved "https://registry.nlark.com/vscode-css-languageservice/download/vscode-css-languageservice-5.1.5.tgz"
  integrity sha1-QAsvY6T3PGD1sK/EjEeMGzJrJ8Y=
  dependencies:
    vscode-languageserver-textdocument "^1.0.1"
    vscode-languageserver-types "^3.16.0"
    vscode-nls "^5.0.0"
    vscode-uri "^3.0.2"

vscode-html-languageservice@^4.0.7:
  version "4.0.8"
  resolved "https://registry.nlark.com/vscode-html-languageservice/download/vscode-html-languageservice-4.0.8.tgz"
  integrity sha1-lCm6zOMkTc/LOnFykD8ztvQY2zs=
  dependencies:
    vscode-languageserver-textdocument "^1.0.1"
    vscode-languageserver-types "^3.16.0"
    vscode-nls "^5.0.0"
    vscode-uri "^3.0.2"

vscode-json-languageservice@^4.1.7:
  version "4.1.7"
  resolved "https://registry.nlark.com/vscode-json-languageservice/download/vscode-json-languageservice-4.1.7.tgz"
  integrity sha1-GCRNYrEVpYGMdSbvQzlDi3F136o=
  dependencies:
    jsonc-parser "^3.0.0"
    vscode-languageserver-textdocument "^1.0.1"
    vscode-languageserver-types "^3.16.0"
    vscode-nls "^5.0.0"
    vscode-uri "^3.0.2"

vscode-jsonrpc@8.0.0-next.2, vscode-jsonrpc@^8.0.0-next.2:
  version "8.0.0-next.2"
  resolved "https://registry.nlark.com/vscode-jsonrpc/download/vscode-jsonrpc-8.0.0-next.2.tgz?cache=0&sync_timestamp=1628514354370&other_urls=https%3A%2F%2Fregistry.nlark.com%2Fvscode-jsonrpc%2Fdownload%2Fvscode-jsonrpc-8.0.0-next.2.tgz"
  integrity sha1-KF/ClL5YbkdorNZ+WkLvxzilysA=

vscode-languageserver-protocol@3.17.0-next.8:
  version "3.17.0-next.8"
  resolved "https://registry.nlark.com/vscode-languageserver-protocol/download/vscode-languageserver-protocol-3.17.0-next.8.tgz?cache=0&other_urls=https%3A%2F%2Fregistry.nlark.com%2Fvscode-languageserver-protocol%2Fdownload%2Fvscode-languageserver-protocol-3.17.0-next.8.tgz"
  integrity sha1-7y63QjtHTMzRE4QjneJEiOf+gYw=
  dependencies:
    vscode-jsonrpc "8.0.0-next.2"
    vscode-languageserver-types "3.17.0-next.3"

vscode-languageserver-textdocument@^1.0.1:
  version "1.0.1"
  resolved "https://registry.npm.taobao.org/vscode-languageserver-textdocument/download/vscode-languageserver-textdocument-1.0.1.tgz"
  integrity sha1-F4Fo6H761hcbNyrdHeo09T5dMw8=

vscode-languageserver-types@3.17.0-next.3:
  version "3.17.0-next.3"
  resolved "https://registry.nlark.com/vscode-languageserver-types/download/vscode-languageserver-types-3.17.0-next.3.tgz"
  integrity sha1-4fQxHgjqMZPoESYVS2o0L8HD26M=

vscode-languageserver-types@^3.15.1, vscode-languageserver-types@^3.16.0:
  version "3.16.0"
  resolved "https://registry.nlark.com/vscode-languageserver-types/download/vscode-languageserver-types-3.16.0.tgz"
  integrity sha1-7POT/BIexpdLLaPvsxVWRMUU4kc=

vscode-languageserver@^8.0.0-next.2:
  version "8.0.0-next.2"
  resolved "https://registry.nlark.com/vscode-languageserver/download/vscode-languageserver-8.0.0-next.2.tgz?cache=0&other_urls=https%3A%2F%2Fregistry.nlark.com%2Fvscode-languageserver%2Fdownload%2Fvscode-languageserver-8.0.0-next.2.tgz"
  integrity sha1-Oj2vef8QNQ6pzsXHO1MCkBqVURc=
  dependencies:
    vscode-languageserver-protocol "3.17.0-next.8"

vscode-nls@^5.0.0:
  version "5.0.0"
  resolved "https://registry.npm.taobao.org/vscode-nls/download/vscode-nls-5.0.0.tgz"
  integrity sha1-mfDaC9nqfNpE5WWnTFSx8rwleEA=

vscode-pug-languageservice@^0.27.24:
  version "0.27.24"
  resolved "https://registry.npmmirror.com/vscode-pug-languageservice/download/vscode-pug-languageservice-0.27.24.tgz?cache=0&sync_timestamp=1632378316333&other_urls=https%3A%2F%2Fregistry.npmmirror.com%2Fvscode-pug-languageservice%2Fdownload%2Fvscode-pug-languageservice-0.27.24.tgz"
  integrity sha1-+oBcTT4z3uNoHmYKB2cTZzjmg3A=
  dependencies:
    "@volar/code-gen" "^0.27.24"
    "@volar/shared" "^0.27.24"
    "@volar/source-map" "^0.27.24"
    "@volar/transforms" "^0.27.24"
    pug-lexer "^5.0.1"
    pug-parser "^6.0.0"
    vscode-languageserver "^8.0.0-next.2"

vscode-typescript-languageservice@^0.27.24:
  version "0.27.24"
  resolved "https://registry.npmmirror.com/vscode-typescript-languageservice/download/vscode-typescript-languageservice-0.27.24.tgz?cache=0&sync_timestamp=1632378057189&other_urls=https%3A%2F%2Fregistry.npmmirror.com%2Fvscode-typescript-languageservice%2Fdownload%2Fvscode-typescript-languageservice-0.27.24.tgz"
  integrity sha1-LELtJp3UeQKsXNYWE4jJHF8l67o=
  dependencies:
    "@volar/shared" "^0.27.24"
    semver "^7.3.5"
    upath "^2.0.1"
    vscode-languageserver "^8.0.0-next.2"
    vscode-languageserver-textdocument "^1.0.1"

vscode-uri@^2.1.2:
  version "2.1.2"
  resolved "https://registry.npm.taobao.org/vscode-uri/download/vscode-uri-2.1.2.tgz"
  integrity sha1-yNQN6T61evMfPHFd1lDiyiwJbxw=

vscode-uri@^3.0.2:
  version "3.0.2"
  resolved "https://registry.npm.taobao.org/vscode-uri/download/vscode-uri-3.0.2.tgz"
  integrity sha1-7P0dBmy470w6II3s26uajCPQVdA=

vscode-vue-languageservice@^0.27.0:
  version "0.27.24"
  resolved "https://registry.npmmirror.com/vscode-vue-languageservice/download/vscode-vue-languageservice-0.27.24.tgz?cache=0&sync_timestamp=1632378039216&other_urls=https%3A%2F%2Fregistry.npmmirror.com%2Fvscode-vue-languageservice%2Fdownload%2Fvscode-vue-languageservice-0.27.24.tgz"
  integrity sha1-lo4209HFp7jNTvuVUsjVnDGt6TU=
  dependencies:
    "@volar/code-gen" "^0.27.24"
    "@volar/html2pug" "^0.27.13"
    "@volar/shared" "^0.27.24"
    "@volar/source-map" "^0.27.24"
    "@volar/transforms" "^0.27.24"
    "@vscode/emmet-helper" "^2.7.0"
    "@vue/compiler-dom" "^3.2.14"
    "@vue/reactivity" "^3.2.14"
    "@vue/shared" "^3.2.14"
    request-light "^0.5.4"
    upath "^2.0.1"
    vscode-css-languageservice "^5.1.4"
    vscode-html-languageservice "^4.0.7"
    vscode-json-languageservice "^4.1.7"
    vscode-languageserver "^8.0.0-next.2"
    vscode-languageserver-textdocument "^1.0.1"
    vscode-pug-languageservice "^0.27.24"
    vscode-typescript-languageservice "^0.27.24"

vue-demi@*:
  version "0.11.4"
  resolved "https://registry.nlark.com/vue-demi/download/vue-demi-0.11.4.tgz#6101992fe4724cf5634018a16e953f3052e94e2a"
  integrity sha1-YQGZL+RyTPVjQBihbpU/MFLpTio=

vue-router@^4.0.11:
  version "4.0.11"
  resolved "https://registry.nlark.com/vue-router/download/vue-router-4.0.11.tgz?cache=0&sync_timestamp=1628495505697&other_urls=https%3A%2F%2Fregistry.nlark.com%2Fvue-router%2Fdownload%2Fvue-router-4.0.11.tgz#cd649a0941c635281763a20965b599643ddc68ed"
  integrity sha1-zWSaCUHGNSgXY6IJZbWZZD3caO0=
  dependencies:
    "@vue/devtools-api" "^6.0.0-beta.14"

vue-tsc@^0.3.0:
  version "0.3.0"
  resolved "https://registry.nlark.com/vue-tsc/download/vue-tsc-0.3.0.tgz"
  integrity sha1-Ozhyv08dLkQJtXrb2CYDLiU9tAY=
  dependencies:
    vscode-vue-languageservice "^0.27.0"

vue@^3.2.13:
  version "3.2.14"
  resolved "https://registry.npmmirror.com/vue/download/vue-3.2.14.tgz?cache=0&sync_timestamp=1632350763431&other_urls=https%3A%2F%2Fregistry.npmmirror.com%2Fvue%2Fdownload%2Fvue-3.2.14.tgz"
  integrity sha1-2ld0M/t08yjtWCVccopqG/GW0zc=
  dependencies:
    "@vue/compiler-dom" "3.2.14"
    "@vue/compiler-sfc" "3.2.14"
    "@vue/runtime-dom" "3.2.14"
    "@vue/server-renderer" "3.2.14"
    "@vue/shared" "3.2.14"

with@^7.0.0:
  version "7.0.2"
  resolved "https://registry.npm.taobao.org/with/download/with-7.0.2.tgz"
  integrity sha1-zO461ULSVTinp6gKrSErmChJW6w=
  dependencies:
    "@babel/parser" "^7.9.6"
    "@babel/types" "^7.9.6"
    assert-never "^1.2.1"
    babel-walk "3.0.0-canary-5"

yallist@^4.0.0:
  version "4.0.0"
  resolved "https://registry.nlark.com/yallist/download/yallist-4.0.0.tgz"
  integrity sha1-m7knkNnA7/7GO+c1GeEaNQGaOnI=
